
Microsoft Visual Studio Solution File, Format Version 12.00
# Visual Studio Version 17
VisualStudioVersion = 17.14.36221.1 d17.14
MinimumVisualStudioVersion = 10.0.40219.1
Project("{FAE04EC0-301F-11D3-BF4B-00C04F79EFBC}") = "SkillAssesmentPortal", "SkillAssesmentPortal.csproj", "{D7DE2EDE-2BB0-4212-A301-2C3C8C189287}"
EndProject
Global
	GlobalSection(SolutionConfigurationPlatforms) = preSolution
		Debug|Any CPU = Debug|Any CPU
		Release|Any CPU = Release|Any CPU
	EndGlobalSection
	GlobalSection(ProjectConfigurationPlatforms) = postSolution
		{D7DE2EDE-2BB0-4212-A301-2C3C8C189287}.Debug|Any CPU.ActiveCfg = Debug|Any CPU
		{D7DE2EDE-2BB0-4212-A301-2C3C8C189287}.Debug|Any CPU.Build.0 = Debug|Any CPU
		{D7DE2EDE-2BB0-4212-A301-2C3C8C189287}.Release|Any CPU.ActiveCfg = Release|Any CPU
		{D7DE2EDE-2BB0-4212-A301-2C3C8C189287}.Release|Any CPU.Build.0 = Release|Any CPU
	EndGlobalSection
	GlobalSection(SolutionProperties) = preSolution
		HideSolutionNode = FALSE
	EndGlobalSection
	GlobalSection(ExtensibilityGlobals) = postSolution
		SolutionGuid = {2780094B-CAD2-4233-B490-BE63D7A3203A}
	EndGlobalSection
EndGlobal
